
Microsoft Visual Studio Solution File, Format Version 12.00
# Visual Studio 15
VisualStudioVersion = 15.0.26124.0
MinimumVisualStudioVersion = 15.0.26124.0
Project("{2150E333-8FDC-42A3-9474-1A3956D46DE8}") = "src", "src", "{47A48B99-28C8-4232-9CD4-7B34F46B678C}"
EndProject
Project("{F2A71F9B-5D33-465A-A702-920D77279786}") = "fraktaal", "src\fraktaal\fraktaal.fsproj", "{00301F30-AE48-4DD4-BF58-A244065C4030}"
EndProject
Project("{2150E333-8FDC-42A3-9474-1A3956D46DE8}") = "tests", "tests", "{C2BB64D0-B2A0-4779-BBBB-BF45189F01D8}"
EndProject
Project("{F2A71F9B-5D33-465A-A702-920D77279786}") = "xuno", "tests\xuno\xuno.fsproj", "{54B9CE0E-68C6-4EB3-B566-DF4FC221B488}"
EndProject
Project("{F2A71F9B-5D33-465A-A702-920D77279786}") = "xpect", "tests\xpect\xpect.fsproj", "{507399AC-9591-49CC-A771-00711632074D}"
EndProject
Global
	GlobalSection(SolutionConfigurationPlatforms) = preSolution
		Debug|Any CPU = Debug|Any CPU
		Debug|x64 = Debug|x64
		Debug|x86 = Debug|x86
		Release|Any CPU = Release|Any CPU
		Release|x64 = Release|x64
		Release|x86 = Release|x86
	EndGlobalSection
	GlobalSection(SolutionProperties) = preSolution
		HideSolutionNode = FALSE
	EndGlobalSection
	GlobalSection(ProjectConfigurationPlatforms) = postSolution
		{00301F30-AE48-4DD4-BF58-A244065C4030}.Debug|Any CPU.ActiveCfg = Debug|Any CPU
		{00301F30-AE48-4DD4-BF58-A244065C4030}.Debug|Any CPU.Build.0 = Debug|Any CPU
		{00301F30-AE48-4DD4-BF58-A244065C4030}.Debug|x64.ActiveCfg = Debug|Any CPU
		{00301F30-AE48-4DD4-BF58-A244065C4030}.Debug|x64.Build.0 = Debug|Any CPU
		{00301F30-AE48-4DD4-BF58-A244065C4030}.Debug|x86.ActiveCfg = Debug|Any CPU
		{00301F30-AE48-4DD4-BF58-A244065C4030}.Debug|x86.Build.0 = Debug|Any CPU
		{00301F30-AE48-4DD4-BF58-A244065C4030}.Release|Any CPU.ActiveCfg = Release|Any CPU
		{00301F30-AE48-4DD4-BF58-A244065C4030}.Release|Any CPU.Build.0 = Release|Any CPU
		{00301F30-AE48-4DD4-BF58-A244065C4030}.Release|x64.ActiveCfg = Release|Any CPU
		{00301F30-AE48-4DD4-BF58-A244065C4030}.Release|x64.Build.0 = Release|Any CPU
		{00301F30-AE48-4DD4-BF58-A244065C4030}.Release|x86.ActiveCfg = Release|Any CPU
		{00301F30-AE48-4DD4-BF58-A244065C4030}.Release|x86.Build.0 = Release|Any CPU
		{54B9CE0E-68C6-4EB3-B566-DF4FC221B488}.Debug|Any CPU.ActiveCfg = Debug|Any CPU
		{54B9CE0E-68C6-4EB3-B566-DF4FC221B488}.Debug|Any CPU.Build.0 = Debug|Any CPU
		{54B9CE0E-68C6-4EB3-B566-DF4FC221B488}.Debug|x64.ActiveCfg = Debug|Any CPU
		{54B9CE0E-68C6-4EB3-B566-DF4FC221B488}.Debug|x64.Build.0 = Debug|Any CPU
		{54B9CE0E-68C6-4EB3-B566-DF4FC221B488}.Debug|x86.ActiveCfg = Debug|Any CPU
		{54B9CE0E-68C6-4EB3-B566-DF4FC221B488}.Debug|x86.Build.0 = Debug|Any CPU
		{54B9CE0E-68C6-4EB3-B566-DF4FC221B488}.Release|Any CPU.ActiveCfg = Release|Any CPU
		{54B9CE0E-68C6-4EB3-B566-DF4FC221B488}.Release|Any CPU.Build.0 = Release|Any CPU
		{54B9CE0E-68C6-4EB3-B566-DF4FC221B488}.Release|x64.ActiveCfg = Release|Any CPU
		{54B9CE0E-68C6-4EB3-B566-DF4FC221B488}.Release|x64.Build.0 = Release|Any CPU
		{54B9CE0E-68C6-4EB3-B566-DF4FC221B488}.Release|x86.ActiveCfg = Release|Any CPU
		{54B9CE0E-68C6-4EB3-B566-DF4FC221B488}.Release|x86.Build.0 = Release|Any CPU
		{507399AC-9591-49CC-A771-00711632074D}.Debug|Any CPU.ActiveCfg = Debug|Any CPU
		{507399AC-9591-49CC-A771-00711632074D}.Debug|Any CPU.Build.0 = Debug|Any CPU
		{507399AC-9591-49CC-A771-00711632074D}.Debug|x64.ActiveCfg = Debug|Any CPU
		{507399AC-9591-49CC-A771-00711632074D}.Debug|x64.Build.0 = Debug|Any CPU
		{507399AC-9591-49CC-A771-00711632074D}.Debug|x86.ActiveCfg = Debug|Any CPU
		{507399AC-9591-49CC-A771-00711632074D}.Debug|x86.Build.0 = Debug|Any CPU
		{507399AC-9591-49CC-A771-00711632074D}.Release|Any CPU.ActiveCfg = Release|Any CPU
		{507399AC-9591-49CC-A771-00711632074D}.Release|Any CPU.Build.0 = Release|Any CPU
		{507399AC-9591-49CC-A771-00711632074D}.Release|x64.ActiveCfg = Release|Any CPU
		{507399AC-9591-49CC-A771-00711632074D}.Release|x64.Build.0 = Release|Any CPU
		{507399AC-9591-49CC-A771-00711632074D}.Release|x86.ActiveCfg = Release|Any CPU
		{507399AC-9591-49CC-A771-00711632074D}.Release|x86.Build.0 = Release|Any CPU
	EndGlobalSection
	GlobalSection(NestedProjects) = preSolution
		{00301F30-AE48-4DD4-BF58-A244065C4030} = {47A48B99-28C8-4232-9CD4-7B34F46B678C}
		{54B9CE0E-68C6-4EB3-B566-DF4FC221B488} = {C2BB64D0-B2A0-4779-BBBB-BF45189F01D8}
		{507399AC-9591-49CC-A771-00711632074D} = {C2BB64D0-B2A0-4779-BBBB-BF45189F01D8}
	EndGlobalSection
EndGlobal
